{
  "name": "site-browser",
  "lockfileVersion": 3,
  "requires": true,
  "packages": {
    "": {
      "name": "site-browser",
      "dependencies": {
        "@weborigami/async-tree": "0.0.65"
      }
    },
    "node_modules/@weborigami/async-tree": {
      "version": "0.0.65",
      "resolved": "https://registry.npmjs.org/@weborigami/async-tree/-/async-tree-0.0.65.tgz",
      "integrity": "sha512-cpi8bRkbVVH7JoDGL8UprtCpoH5VKLv985XeVa0HReGKZgoRz2MP7viAuJuf/O2LrK8B2u0BASMhoJtdpyh0iA==",
      "dependencies": {
        "@weborigami/types": "0.0.65"
      }
    },
    "node_modules/@weborigami/types": {
      "version": "0.0.65",
      "resolved": "https://registry.npmjs.org/@weborigami/types/-/types-0.0.65.tgz",
      "integrity": "sha512-tNYk3oluVOt5GYsw4itRl2LMVsdImPGaEM4KNiSuscJYHs3YvRr4qY1iqqUhxWwOnMIoC+/d1uL6DUm0oh5mAg=="
    }
  }
}
